{
  "nodes": {
    "nixpkgs": {
      "locked": {
        "lastModified": 1604203245,
        "narHash": "sha256-INzgEmAovelmUdBPat4V/LxU7aTntTah9x4Yz63bsCM=",
        "owner": "NixOS",
        "repo": "nixpkgs",
        "rev": "26d3fbf21563c52f124551eb60dec5ea17ade8fa",
        "type": "github"
      },
      "original": {
        "id": "nixpkgs",
        "type": "indirect"
      }
    },
    "root": {
      "inputs": {
        "nixpkgs": "nixpkgs"
      }
    }
  },
  "root": "root",
  "version": 7
}
